
Microsoft Visual Studio Solution File, Format Version 12.00
# Visual Studio 14
VisualStudioVersion = 14.0.24720.0
MinimumVisualStudioVersion = 10.0.40219.1
Project("{FAE04EC0-301F-11D3-BF4B-00C04F79EFBC}") = "BirthdayCollision", "BirthdayCollision\BirthdayCollision.csproj", "{C64240B8-1E0E-4AB0-AE07-DFA924B49065}"
EndProject
Project("{FAE04EC0-301F-11D3-BF4B-00C04F79EFBC}") = "TestBirthdayCollision", "TestBirthdayCollision\TestBirthdayCollision\TestBirthdayCollision.csproj", "{6E1AD64F-8FDD-4E7A-AEB6-BFD202D5FFD1}"
EndProject
Global
	GlobalSection(SolutionConfigurationPlatforms) = preSolution
		Debug|Any CPU = Debug|Any CPU
		Release|Any CPU = Release|Any CPU
	EndGlobalSection
	GlobalSection(ProjectConfigurationPlatforms) = postSolution
		{C64240B8-1E0E-4AB0-AE07-DFA924B49065}.Debug|Any CPU.ActiveCfg = Debug|Any CPU
		{C64240B8-1E0E-4AB0-AE07-DFA924B49065}.Debug|Any CPU.Build.0 = Debug|Any CPU
		{C64240B8-1E0E-4AB0-AE07-DFA924B49065}.Release|Any CPU.ActiveCfg = Release|Any CPU
		{C64240B8-1E0E-4AB0-AE07-DFA924B49065}.Release|Any CPU.Build.0 = Release|Any CPU
		{6E1AD64F-8FDD-4E7A-AEB6-BFD202D5FFD1}.Debug|Any CPU.ActiveCfg = Debug|Any CPU
		{6E1AD64F-8FDD-4E7A-AEB6-BFD202D5FFD1}.Debug|Any CPU.Build.0 = Debug|Any CPU
		{6E1AD64F-8FDD-4E7A-AEB6-BFD202D5FFD1}.Release|Any CPU.ActiveCfg = Release|Any CPU
		{6E1AD64F-8FDD-4E7A-AEB6-BFD202D5FFD1}.Release|Any CPU.Build.0 = Release|Any CPU
	EndGlobalSection
	GlobalSection(SolutionProperties) = preSolution
		HideSolutionNode = FALSE
	EndGlobalSection
EndGlobal
